
Microsoft Visual Studio Solution File, Format Version 12.00
# Visual Studio 15
VisualStudioVersion = 15.0.26228.12
MinimumVisualStudioVersion = 10.0.40219.1
Project("{FAE04EC0-301F-11D3-BF4B-00C04F79EFBC}") = "Exercice_Distributeur_De_Billets", "Exercice_Distributeur_De_Billets\Exercice_Distributeur_De_Billets.csproj", "{5220F75F-D579-45C0-9F33-5CC88A29C857}"
EndProject
Project("{FAE04EC0-301F-11D3-BF4B-00C04F79EFBC}") = "Exercice_Conditions", "Exercice_Conditions\Exercice_Conditions.csproj", "{C4A03E92-2343-4D2D-9093-6ACF9386214C}"
EndProject
Project("{FAE04EC0-301F-11D3-BF4B-00C04F79EFBC}") = "Programming_Introduction.Model", "Programming_Introduction.Model\Programming_Introduction.Model.csproj", "{BFA044F0-F165-4BF9-9B80-872A536B23A2}"
EndProject
Project("{FAE04EC0-301F-11D3-BF4B-00C04F79EFBC}") = "Programming_Introduction.Transverse", "Programming_Introduction.Transverse\Programming_Introduction.Transverse.csproj", "{BCB47C39-3C9B-4206-B084-CD3F18DBA6CB}"
EndProject
Global
	GlobalSection(SolutionConfigurationPlatforms) = preSolution
		Debug|Any CPU = Debug|Any CPU
		Debug|ARM = Debug|ARM
		Debug|x64 = Debug|x64
		Debug|x86 = Debug|x86
		Release|Any CPU = Release|Any CPU
		Release|ARM = Release|ARM
		Release|x64 = Release|x64
		Release|x86 = Release|x86
	EndGlobalSection
	GlobalSection(ProjectConfigurationPlatforms) = postSolution
		{5220F75F-D579-45C0-9F33-5CC88A29C857}.Debug|Any CPU.ActiveCfg = Debug|Any CPU
		{5220F75F-D579-45C0-9F33-5CC88A29C857}.Debug|Any CPU.Build.0 = Debug|Any CPU
		{5220F75F-D579-45C0-9F33-5CC88A29C857}.Debug|ARM.ActiveCfg = Debug|Any CPU
		{5220F75F-D579-45C0-9F33-5CC88A29C857}.Debug|ARM.Build.0 = Debug|Any CPU
		{5220F75F-D579-45C0-9F33-5CC88A29C857}.Debug|x64.ActiveCfg = Debug|Any CPU
		{5220F75F-D579-45C0-9F33-5CC88A29C857}.Debug|x64.Build.0 = Debug|Any CPU
		{5220F75F-D579-45C0-9F33-5CC88A29C857}.Debug|x86.ActiveCfg = Debug|Any CPU
		{5220F75F-D579-45C0-9F33-5CC88A29C857}.Debug|x86.Build.0 = Debug|Any CPU
		{5220F75F-D579-45C0-9F33-5CC88A29C857}.Release|Any CPU.ActiveCfg = Release|Any CPU
		{5220F75F-D579-45C0-9F33-5CC88A29C857}.Release|Any CPU.Build.0 = Release|Any CPU
		{5220F75F-D579-45C0-9F33-5CC88A29C857}.Release|ARM.ActiveCfg = Release|Any CPU
		{5220F75F-D579-45C0-9F33-5CC88A29C857}.Release|ARM.Build.0 = Release|Any CPU
		{5220F75F-D579-45C0-9F33-5CC88A29C857}.Release|x64.ActiveCfg = Release|Any CPU
		{5220F75F-D579-45C0-9F33-5CC88A29C857}.Release|x64.Build.0 = Release|Any CPU
		{5220F75F-D579-45C0-9F33-5CC88A29C857}.Release|x86.ActiveCfg = Release|Any CPU
		{5220F75F-D579-45C0-9F33-5CC88A29C857}.Release|x86.Build.0 = Release|Any CPU
		{C4A03E92-2343-4D2D-9093-6ACF9386214C}.Debug|Any CPU.ActiveCfg = Debug|Any CPU
		{C4A03E92-2343-4D2D-9093-6ACF9386214C}.Debug|Any CPU.Build.0 = Debug|Any CPU
		{C4A03E92-2343-4D2D-9093-6ACF9386214C}.Debug|ARM.ActiveCfg = Debug|Any CPU
		{C4A03E92-2343-4D2D-9093-6ACF9386214C}.Debug|ARM.Build.0 = Debug|Any CPU
		{C4A03E92-2343-4D2D-9093-6ACF9386214C}.Debug|x64.ActiveCfg = Debug|Any CPU
		{C4A03E92-2343-4D2D-9093-6ACF9386214C}.Debug|x64.Build.0 = Debug|Any CPU
		{C4A03E92-2343-4D2D-9093-6ACF9386214C}.Debug|x86.ActiveCfg = Debug|Any CPU
		{C4A03E92-2343-4D2D-9093-6ACF9386214C}.Debug|x86.Build.0 = Debug|Any CPU
		{C4A03E92-2343-4D2D-9093-6ACF9386214C}.Release|Any CPU.ActiveCfg = Release|Any CPU
		{C4A03E92-2343-4D2D-9093-6ACF9386214C}.Release|Any CPU.Build.0 = Release|Any CPU
		{C4A03E92-2343-4D2D-9093-6ACF9386214C}.Release|ARM.ActiveCfg = Release|Any CPU
		{C4A03E92-2343-4D2D-9093-6ACF9386214C}.Release|ARM.Build.0 = Release|Any CPU
		{C4A03E92-2343-4D2D-9093-6ACF9386214C}.Release|x64.ActiveCfg = Release|Any CPU
		{C4A03E92-2343-4D2D-9093-6ACF9386214C}.Release|x64.Build.0 = Release|Any CPU
		{C4A03E92-2343-4D2D-9093-6ACF9386214C}.Release|x86.ActiveCfg = Release|Any CPU
		{C4A03E92-2343-4D2D-9093-6ACF9386214C}.Release|x86.Build.0 = Release|Any CPU
		{BFA044F0-F165-4BF9-9B80-872A536B23A2}.Debug|Any CPU.ActiveCfg = Debug|Any CPU
		{BFA044F0-F165-4BF9-9B80-872A536B23A2}.Debug|Any CPU.Build.0 = Debug|Any CPU
		{BFA044F0-F165-4BF9-9B80-872A536B23A2}.Debug|ARM.ActiveCfg = Debug|Any CPU
		{BFA044F0-F165-4BF9-9B80-872A536B23A2}.Debug|ARM.Build.0 = Debug|Any CPU
		{BFA044F0-F165-4BF9-9B80-872A536B23A2}.Debug|x64.ActiveCfg = Debug|Any CPU
		{BFA044F0-F165-4BF9-9B80-872A536B23A2}.Debug|x64.Build.0 = Debug|Any CPU
		{BFA044F0-F165-4BF9-9B80-872A536B23A2}.Debug|x86.ActiveCfg = Debug|Any CPU
		{BFA044F0-F165-4BF9-9B80-872A536B23A2}.Debug|x86.Build.0 = Debug|Any CPU
		{BFA044F0-F165-4BF9-9B80-872A536B23A2}.Release|Any CPU.ActiveCfg = Release|Any CPU
		{BFA044F0-F165-4BF9-9B80-872A536B23A2}.Release|Any CPU.Build.0 = Release|Any CPU
		{BFA044F0-F165-4BF9-9B80-872A536B23A2}.Release|ARM.ActiveCfg = Release|Any CPU
		{BFA044F0-F165-4BF9-9B80-872A536B23A2}.Release|ARM.Build.0 = Release|Any CPU
		{BFA044F0-F165-4BF9-9B80-872A536B23A2}.Release|x64.ActiveCfg = Release|Any CPU
		{BFA044F0-F165-4BF9-9B80-872A536B23A2}.Release|x64.Build.0 = Release|Any CPU
		{BFA044F0-F165-4BF9-9B80-872A536B23A2}.Release|x86.ActiveCfg = Release|Any CPU
		{BFA044F0-F165-4BF9-9B80-872A536B23A2}.Release|x86.Build.0 = Release|Any CPU
		{BCB47C39-3C9B-4206-B084-CD3F18DBA6CB}.Debug|Any CPU.ActiveCfg = Debug|Any CPU
		{BCB47C39-3C9B-4206-B084-CD3F18DBA6CB}.Debug|Any CPU.Build.0 = Debug|Any CPU
		{BCB47C39-3C9B-4206-B084-CD3F18DBA6CB}.Debug|ARM.ActiveCfg = Debug|Any CPU
		{BCB47C39-3C9B-4206-B084-CD3F18DBA6CB}.Debug|ARM.Build.0 = Debug|Any CPU
		{BCB47C39-3C9B-4206-B084-CD3F18DBA6CB}.Debug|x64.ActiveCfg = Debug|Any CPU
		{BCB47C39-3C9B-4206-B084-CD3F18DBA6CB}.Debug|x64.Build.0 = Debug|Any CPU
		{BCB47C39-3C9B-4206-B084-CD3F18DBA6CB}.Debug|x86.ActiveCfg = Debug|Any CPU
		{BCB47C39-3C9B-4206-B084-CD3F18DBA6CB}.Debug|x86.Build.0 = Debug|Any CPU
		{BCB47C39-3C9B-4206-B084-CD3F18DBA6CB}.Release|Any CPU.ActiveCfg = Release|Any CPU
		{BCB47C39-3C9B-4206-B084-CD3F18DBA6CB}.Release|Any CPU.Build.0 = Release|Any CPU
		{BCB47C39-3C9B-4206-B084-CD3F18DBA6CB}.Release|ARM.ActiveCfg = Release|Any CPU
		{BCB47C39-3C9B-4206-B084-CD3F18DBA6CB}.Release|ARM.Build.0 = Release|Any CPU
		{BCB47C39-3C9B-4206-B084-CD3F18DBA6CB}.Release|x64.ActiveCfg = Release|Any CPU
		{BCB47C39-3C9B-4206-B084-CD3F18DBA6CB}.Release|x64.Build.0 = Release|Any CPU
		{BCB47C39-3C9B-4206-B084-CD3F18DBA6CB}.Release|x86.ActiveCfg = Release|Any CPU
		{BCB47C39-3C9B-4206-B084-CD3F18DBA6CB}.Release|x86.Build.0 = Release|Any CPU
	EndGlobalSection
	GlobalSection(SolutionProperties) = preSolution
		HideSolutionNode = FALSE
	EndGlobalSection
EndGlobal
