
Microsoft Visual Studio Solution File, Format Version 12.00
# Visual Studio 15
VisualStudioVersion = 15.0.26228.12
MinimumVisualStudioVersion = 10.0.40219.1
Project("{FAE04EC0-301F-11D3-BF4B-00C04F79EFBC}") = "Exercice_Conditions", "Exercice_Conditions\Exercice_Conditions.csproj", "{E1BC9175-B17B-4788-B4F2-FF90D6769545}"
EndProject
Project("{FAE04EC0-301F-11D3-BF4B-00C04F79EFBC}") = "Programming_Introduction.Model", "Programming_Introduction.Model\Programming_Introduction.Model.csproj", "{021EF005-34A7-4CA6-875C-EFAF6711C6A0}"
EndProject
Project("{FAE04EC0-301F-11D3-BF4B-00C04F79EFBC}") = "Programming_Introduction.Transverse", "Programming_Introduction.Transverse\Programming_Introduction.Transverse.csproj", "{68B71D4C-4C74-455A-B7C5-A6A5643D568D}"
EndProject
Project("{FAE04EC0-301F-11D3-BF4B-00C04F79EFBC}") = "Exercice_Distributeur_De_Billets", "DistributeurDeBillets\Exercice_Distributeur_De_Billets.csproj", "{5220F75F-D579-45C0-9F33-5CC88A29C857}"
EndProject
Global
	GlobalSection(SolutionConfigurationPlatforms) = preSolution
		Debug|Any CPU = Debug|Any CPU
		Debug|ARM = Debug|ARM
		Debug|x64 = Debug|x64
		Debug|x86 = Debug|x86
		Release|Any CPU = Release|Any CPU
		Release|ARM = Release|ARM
		Release|x64 = Release|x64
		Release|x86 = Release|x86
	EndGlobalSection
	GlobalSection(ProjectConfigurationPlatforms) = postSolution
		{E1BC9175-B17B-4788-B4F2-FF90D6769545}.Debug|Any CPU.ActiveCfg = Debug|x86
		{E1BC9175-B17B-4788-B4F2-FF90D6769545}.Debug|ARM.ActiveCfg = Debug|ARM
		{E1BC9175-B17B-4788-B4F2-FF90D6769545}.Debug|ARM.Build.0 = Debug|ARM
		{E1BC9175-B17B-4788-B4F2-FF90D6769545}.Debug|ARM.Deploy.0 = Debug|ARM
		{E1BC9175-B17B-4788-B4F2-FF90D6769545}.Debug|x64.ActiveCfg = Debug|x64
		{E1BC9175-B17B-4788-B4F2-FF90D6769545}.Debug|x64.Build.0 = Debug|x64
		{E1BC9175-B17B-4788-B4F2-FF90D6769545}.Debug|x64.Deploy.0 = Debug|x64
		{E1BC9175-B17B-4788-B4F2-FF90D6769545}.Debug|x86.ActiveCfg = Debug|x86
		{E1BC9175-B17B-4788-B4F2-FF90D6769545}.Debug|x86.Build.0 = Debug|x86
		{E1BC9175-B17B-4788-B4F2-FF90D6769545}.Debug|x86.Deploy.0 = Debug|x86
		{E1BC9175-B17B-4788-B4F2-FF90D6769545}.Release|Any CPU.ActiveCfg = Release|x86
		{E1BC9175-B17B-4788-B4F2-FF90D6769545}.Release|ARM.ActiveCfg = Release|ARM
		{E1BC9175-B17B-4788-B4F2-FF90D6769545}.Release|ARM.Build.0 = Release|ARM
		{E1BC9175-B17B-4788-B4F2-FF90D6769545}.Release|ARM.Deploy.0 = Release|ARM
		{E1BC9175-B17B-4788-B4F2-FF90D6769545}.Release|x64.ActiveCfg = Release|x64
		{E1BC9175-B17B-4788-B4F2-FF90D6769545}.Release|x64.Build.0 = Release|x64
		{E1BC9175-B17B-4788-B4F2-FF90D6769545}.Release|x64.Deploy.0 = Release|x64
		{E1BC9175-B17B-4788-B4F2-FF90D6769545}.Release|x86.ActiveCfg = Release|x86
		{E1BC9175-B17B-4788-B4F2-FF90D6769545}.Release|x86.Build.0 = Release|x86
		{E1BC9175-B17B-4788-B4F2-FF90D6769545}.Release|x86.Deploy.0 = Release|x86
		{021EF005-34A7-4CA6-875C-EFAF6711C6A0}.Debug|Any CPU.ActiveCfg = Debug|Any CPU
		{021EF005-34A7-4CA6-875C-EFAF6711C6A0}.Debug|Any CPU.Build.0 = Debug|Any CPU
		{021EF005-34A7-4CA6-875C-EFAF6711C6A0}.Debug|ARM.ActiveCfg = Debug|ARM
		{021EF005-34A7-4CA6-875C-EFAF6711C6A0}.Debug|ARM.Build.0 = Debug|ARM
		{021EF005-34A7-4CA6-875C-EFAF6711C6A0}.Debug|x64.ActiveCfg = Debug|x64
		{021EF005-34A7-4CA6-875C-EFAF6711C6A0}.Debug|x64.Build.0 = Debug|x64
		{021EF005-34A7-4CA6-875C-EFAF6711C6A0}.Debug|x86.ActiveCfg = Debug|x86
		{021EF005-34A7-4CA6-875C-EFAF6711C6A0}.Debug|x86.Build.0 = Debug|x86
		{021EF005-34A7-4CA6-875C-EFAF6711C6A0}.Release|Any CPU.ActiveCfg = Release|Any CPU
		{021EF005-34A7-4CA6-875C-EFAF6711C6A0}.Release|Any CPU.Build.0 = Release|Any CPU
		{021EF005-34A7-4CA6-875C-EFAF6711C6A0}.Release|ARM.ActiveCfg = Release|ARM
		{021EF005-34A7-4CA6-875C-EFAF6711C6A0}.Release|ARM.Build.0 = Release|ARM
		{021EF005-34A7-4CA6-875C-EFAF6711C6A0}.Release|x64.ActiveCfg = Release|x64
		{021EF005-34A7-4CA6-875C-EFAF6711C6A0}.Release|x64.Build.0 = Release|x64
		{021EF005-34A7-4CA6-875C-EFAF6711C6A0}.Release|x86.ActiveCfg = Release|x86
		{021EF005-34A7-4CA6-875C-EFAF6711C6A0}.Release|x86.Build.0 = Release|x86
		{68B71D4C-4C74-455A-B7C5-A6A5643D568D}.Debug|Any CPU.ActiveCfg = Debug|Any CPU
		{68B71D4C-4C74-455A-B7C5-A6A5643D568D}.Debug|Any CPU.Build.0 = Debug|Any CPU
		{68B71D4C-4C74-455A-B7C5-A6A5643D568D}.Debug|ARM.ActiveCfg = Debug|ARM
		{68B71D4C-4C74-455A-B7C5-A6A5643D568D}.Debug|ARM.Build.0 = Debug|ARM
		{68B71D4C-4C74-455A-B7C5-A6A5643D568D}.Debug|x64.ActiveCfg = Debug|x64
		{68B71D4C-4C74-455A-B7C5-A6A5643D568D}.Debug|x64.Build.0 = Debug|x64
		{68B71D4C-4C74-455A-B7C5-A6A5643D568D}.Debug|x86.ActiveCfg = Debug|x86
		{68B71D4C-4C74-455A-B7C5-A6A5643D568D}.Debug|x86.Build.0 = Debug|x86
		{68B71D4C-4C74-455A-B7C5-A6A5643D568D}.Release|Any CPU.ActiveCfg = Release|Any CPU
		{68B71D4C-4C74-455A-B7C5-A6A5643D568D}.Release|Any CPU.Build.0 = Release|Any CPU
		{68B71D4C-4C74-455A-B7C5-A6A5643D568D}.Release|ARM.ActiveCfg = Release|ARM
		{68B71D4C-4C74-455A-B7C5-A6A5643D568D}.Release|ARM.Build.0 = Release|ARM
		{68B71D4C-4C74-455A-B7C5-A6A5643D568D}.Release|x64.ActiveCfg = Release|x64
		{68B71D4C-4C74-455A-B7C5-A6A5643D568D}.Release|x64.Build.0 = Release|x64
		{68B71D4C-4C74-455A-B7C5-A6A5643D568D}.Release|x86.ActiveCfg = Release|x86
		{68B71D4C-4C74-455A-B7C5-A6A5643D568D}.Release|x86.Build.0 = Release|x86
		{5220F75F-D579-45C0-9F33-5CC88A29C857}.Debug|Any CPU.ActiveCfg = Debug|Any CPU
		{5220F75F-D579-45C0-9F33-5CC88A29C857}.Debug|Any CPU.Build.0 = Debug|Any CPU
		{5220F75F-D579-45C0-9F33-5CC88A29C857}.Debug|ARM.ActiveCfg = Debug|Any CPU
		{5220F75F-D579-45C0-9F33-5CC88A29C857}.Debug|ARM.Build.0 = Debug|Any CPU
		{5220F75F-D579-45C0-9F33-5CC88A29C857}.Debug|x64.ActiveCfg = Debug|Any CPU
		{5220F75F-D579-45C0-9F33-5CC88A29C857}.Debug|x64.Build.0 = Debug|Any CPU
		{5220F75F-D579-45C0-9F33-5CC88A29C857}.Debug|x86.ActiveCfg = Debug|Any CPU
		{5220F75F-D579-45C0-9F33-5CC88A29C857}.Debug|x86.Build.0 = Debug|Any CPU
		{5220F75F-D579-45C0-9F33-5CC88A29C857}.Release|Any CPU.ActiveCfg = Release|Any CPU
		{5220F75F-D579-45C0-9F33-5CC88A29C857}.Release|Any CPU.Build.0 = Release|Any CPU
		{5220F75F-D579-45C0-9F33-5CC88A29C857}.Release|ARM.ActiveCfg = Release|Any CPU
		{5220F75F-D579-45C0-9F33-5CC88A29C857}.Release|ARM.Build.0 = Release|Any CPU
		{5220F75F-D579-45C0-9F33-5CC88A29C857}.Release|x64.ActiveCfg = Release|Any CPU
		{5220F75F-D579-45C0-9F33-5CC88A29C857}.Release|x64.Build.0 = Release|Any CPU
		{5220F75F-D579-45C0-9F33-5CC88A29C857}.Release|x86.ActiveCfg = Release|Any CPU
		{5220F75F-D579-45C0-9F33-5CC88A29C857}.Release|x86.Build.0 = Release|Any CPU
	EndGlobalSection
	GlobalSection(SolutionProperties) = preSolution
		HideSolutionNode = FALSE
	EndGlobalSection
EndGlobal
